// !$*UTF8*$!
{
	archiveVersion = 1;
	classes = {
	};
	objectVersion = 48;
	objects = {

/* Begin PBXBuildFile section */
		181248612092EDB900D6D44C /* AppDelegate.swift in Sources */ = {isa = PBXBuildFile; fileRef = 181248602092EDB900D6D44C /* AppDelegate.swift */; };
		181248632092EDB900D6D44C /* SlideshowController.swift in Sources */ = {isa = PBXBuildFile; fileRef = 181248622092EDB900D6D44C /* SlideshowController.swift */; };
		181248662092EDB900D6D44C /* Main.storyboard in Resources */ = {isa = PBXBuildFile; fileRef = 181248642092EDB900D6D44C /* Main.storyboard */; };
		181248682092EDBA00D6D44C /* Assets.xcassets in Resources */ = {isa = PBXBuildFile; fileRef = 181248672092EDBA00D6D44C /* Assets.xcassets */; };
		1812486B2092EDBA00D6D44C /* LaunchScreen.storyboard in Resources */ = {isa = PBXBuildFile; fileRef = 181248692092EDBA00D6D44C /* LaunchScreen.storyboard */; };
		181248732092F2E400D6D44C /* PictController.swift in Sources */ = {isa = PBXBuildFile; fileRef = 181248722092F2E400D6D44C /* PictController.swift */; };
		1829E7A420A000150057C864 /* Slideshow.swift in Sources */ = {isa = PBXBuildFile; fileRef = 1829E7A320A000150057C864 /* Slideshow.swift */; };
/* End PBXBuildFile section */

/* Begin PBXFileReference section */
		1812485D2092EDB900D6D44C /* SlideshowApp.app */ = {isa = PBXFileReference; explicitFileType = wrapper.application; includeInIndex = 0; path = SlideshowApp.app; sourceTree = BUILT_PRODUCTS_DIR; };
		181248602092EDB900D6D44C /* AppDelegate.swift */ = {isa = PBXFileReference; lastKnownFileType = sourcecode.swift; path = AppDelegate.swift; sourceTree = "<group>"; };
		181248622092EDB900D6D44C /* SlideshowController.swift */ = {isa = PBXFileReference; lastKnownFileType = sourcecode.swift; path = SlideshowController.swift; sourceTree = "<group>"; };
		181248652092EDB900D6D44C /* Base */ = {isa = PBXFileReference; lastKnownFileType = file.storyboard; name = Base; path = Base.lproj/Main.storyboard; sourceTree = "<group>"; };
		181248672092EDBA00D6D44C /* Assets.xcassets */ = {isa = PBXFileReference; lastKnownFileType = folder.assetcatalog; path = Assets.xcassets; sourceTree = "<group>"; };
		1812486A2092EDBA00D6D44C /* Base */ = {isa = PBXFileReference; lastKnownFileType = file.storyboard; name = Base; path = Base.lproj/LaunchScreen.storyboard; sourceTree = "<group>"; };
		1812486C2092EDBA00D6D44C /* Info.plist */ = {isa = PBXFileReference; lastKnownFileType = text.plist.xml; path = Info.plist; sourceTree = "<group>"; };
		181248722092F2E400D6D44C /* PictController.swift */ = {isa = PBXFileReference; lastKnownFileType = sourcecode.swift; path = PictController.swift; sourceTree = "<group>"; };
		1829E7A320A000150057C864 /* Slideshow.swift */ = {isa = PBXFileReference; lastKnownFileType = sourcecode.swift; name = Slideshow.swift; path = Model/Slideshow.swift; sourceTree = "<group>"; };
/* End PBXFileReference section */

/* Begin PBXFrameworksBuildPhase section */
		1812485A2092EDB900D6D44C /* Frameworks */ = {
			isa = PBXFrameworksBuildPhase;
			buildActionMask = 2147483647;
			files = (
			);
			runOnlyForDeploymentPostprocessing = 0;
		};
/* End PBXFrameworksBuildPhase section */

/* Begin PBXGroup section */
		181248542092EDB900D6D44C = {
			isa = PBXGroup;
			children = (
				1812485F2092EDB900D6D44C /* SlideshowApp */,
				1812485E2092EDB900D6D44C /* Products */,
			);
			sourceTree = "<group>";
		};
		1812485E2092EDB900D6D44C /* Products */ = {
			isa = PBXGroup;
			children = (
				1812485D2092EDB900D6D44C /* SlideshowApp.app */,
			);
			name = Products;
			sourceTree = "<group>";
		};
		1812485F2092EDB900D6D44C /* SlideshowApp */ = {
			isa = PBXGroup;
			children = (
				181248602092EDB900D6D44C /* AppDelegate.swift */,
				1829E7A520A000CF0057C864 /* model */,
				1829E7A2209FFF4B0057C864 /* controller */,
				181248642092EDB900D6D44C /* Main.storyboard */,
				181248672092EDBA00D6D44C /* Assets.xcassets */,
				181248692092EDBA00D6D44C /* LaunchScreen.storyboard */,
				1812486C2092EDBA00D6D44C /* Info.plist */,
			);
			path = SlideshowApp;
			sourceTree = "<group>";
		};
		1829E7A2209FFF4B0057C864 /* controller */ = {
			isa = PBXGroup;
			children = (
				181248622092EDB900D6D44C /* SlideshowController.swift */,
				181248722092F2E400D6D44C /* PictController.swift */,
			);
			name = controller;
			sourceTree = "<group>";
		};
		1829E7A520A000CF0057C864 /* model */ = {
			isa = PBXGroup;
			children = (
				1829E7A320A000150057C864 /* Slideshow.swift */,
			);
			name = model;
			sourceTree = "<group>";
		};
/* End PBXGroup section */

/* Begin PBXNativeTarget section */
		1812485C2092EDB900D6D44C /* SlideshowApp */ = {
			isa = PBXNativeTarget;
			buildConfigurationList = 1812486F2092EDBA00D6D44C /* Build configuration list for PBXNativeTarget "SlideshowApp" */;
			buildPhases = (
				181248592092EDB900D6D44C /* Sources */,
				1812485A2092EDB900D6D44C /* Frameworks */,
				1812485B2092EDB900D6D44C /* Resources */,
			);
			buildRules = (
			);
			dependencies = (
			);
			name = SlideshowApp;
			productName = SlideshowApp;
			productReference = 1812485D2092EDB900D6D44C /* SlideshowApp.app */;
			productType = "com.apple.product-type.application";
		};
/* End PBXNativeTarget section */

/* Begin PBXProject section */
		181248552092EDB900D6D44C /* Project object */ = {
			isa = PBXProject;
			attributes = {
				LastSwiftUpdateCheck = 0920;
				LastUpgradeCheck = 0920;
				ORGANIZATIONNAME = y.kawa;
				TargetAttributes = {
					1812485C2092EDB900D6D44C = {
						CreatedOnToolsVersion = 9.2;
						ProvisioningStyle = Automatic;
					};
				};
			};
			buildConfigurationList = 181248582092EDB900D6D44C /* Build configuration list for PBXProject "SlideshowApp" */;
			compatibilityVersion = "Xcode 8.0";
			developmentRegion = en;
			hasScannedForEncodings = 0;
			knownRegions = (
				en,
				Base,
			);
			mainGroup = 181248542092EDB900D6D44C;
			productRefGroup = 1812485E2092EDB900D6D44C /* Products */;
			projectDirPath = "";
			projectRoot = "";
			targets = (
				1812485C2092EDB900D6D44C /* SlideshowApp */,
			);
		};
/* End PBXProject section */

/* Begin PBXResourcesBuildPhase section */
		1812485B2092EDB900D6D44C /* Resources */ = {
			isa = PBXResourcesBuildPhase;
			buildActionMask = 2147483647;
			files = (
				1812486B2092EDBA00D6D44C /* LaunchScreen.storyboard in Resources */,
				181248682092EDBA00D6D44C /* Assets.xcassets in Resources */,
				181248662092EDB900D6D44C /* Main.storyboard in Resources */,
			);
			runOnlyForDeploymentPostprocessing = 0;
		};
/* End PBXResourcesBuildPhase section */

/* Begin PBXSourcesBuildPhase section */
		181248592092EDB900D6D44C /* Sources */ = {
			isa = PBXSourcesBuildPhase;
			buildActionMask = 2147483647;
			files = (
				1829E7A420A000150057C864 /* Slideshow.swift in Sources */,
				181248732092F2E400D6D44C /* PictController.swift in Sources */,
				181248632092EDB900D6D44C /* SlideshowController.swift in Sources */,
				181248612092EDB900D6D44C /* AppDelegate.swift in Sources */,
			);
			runOnlyForDeploymentPostprocessing = 0;
		};
/* End PBXSourcesBuildPhase section */

/* Begin PBXVariantGroup section */
		181248642092EDB900D6D44C /* Main.storyboard */ = {
			isa = PBXVariantGroup;
			children = (
				181248652092EDB900D6D44C /* Base */,
			);
			name = Main.storyboard;
			sourceTree = "<group>";
		};
		181248692092EDBA00D6D44C /* LaunchScreen.storyboard */ = {
			isa = PBXVariantGroup;
			children = (
				1812486A2092EDBA00D6D44C /* Base */,
			);
			name = LaunchScreen.storyboard;
			sourceTree = "<group>";
		};
/* End PBXVariantGroup section */

/* Begin XCBuildConfiguration section */
		1812486D2092EDBA00D6D44C /* Debug */ = {
			isa = XCBuildConfiguration;
			buildSettings = {
				ALWAYS_SEARCH_USER_PATHS = NO;
				CLANG_ANALYZER_NONNULL = YES;
				CLANG_ANALYZER_NUMBER_OBJECT_CONVERSION = YES_AGGRESSIVE;
				CLANG_CXX_LANGUAGE_STANDARD = "gnu++14";
				CLANG_CXX_LIBRARY = "libc++";
				CLANG_ENABLE_MODULES = YES;
				CLANG_ENABLE_OBJC_ARC = YES;
				CLANG_WARN_BLOCK_CAPTURE_AUTORELEASING = YES;
				CLANG_WARN_BOOL_CONVERSION = YES;
				CLANG_WARN_COMMA = YES;
				CLANG_WARN_CONSTANT_CONVERSION = YES;
				CLANG_WARN_DIRECT_OBJC_ISA_USAGE = YES_ERROR;
				CLANG_WARN_DOCUMENTATION_COMMENTS = YES;
				CLANG_WARN_EMPTY_BODY = YES;
				CLANG_WARN_ENUM_CONVERSION = YES;
				CLANG_WARN_INFINITE_RECURSION = YES;
				CLANG_WARN_INT_CONVERSION = YES;
				CLANG_WARN_NON_LITERAL_NULL_CONVERSION = YES;
				CLANG_WARN_OBJC_LITERAL_CONVERSION = YES;
				CLANG_WARN_OBJC_ROOT_CLASS = YES_ERROR;
				CLANG_WARN_RANGE_LOOP_ANALYSIS = YES;
				CLANG_WARN_STRICT_PROTOTYPES = YES;
				CLANG_WARN_SUSPICIOUS_MOVE = YES;
				CLANG_WARN_UNGUARDED_AVAILABILITY = YES_AGGRESSIVE;
				CLANG_WARN_UNREACHABLE_CODE = YES;
				CLANG_WARN__DUPLICATE_METHOD_MATCH = YES;
				CODE_SIGN_IDENTITY = "iPhone Developer";
				COPY_PHASE_STRIP = NO;
				DEBUG_INFORMATION_FORMAT = dwarf;
				ENABLE_STRICT_OBJC_MSGSEND = YES;
				ENABLE_TESTABILITY = YES;
				GCC_C_LANGUAGE_STANDARD = gnu11;
				GCC_DYNAMIC_NO_PIC = NO;
				GCC_NO_COMMON_BLOCKS = YES;
				GCC_OPTIMIZATION_LEVEL = 0;
				GCC_PREPROCESSOR_DEFINITIONS = (
					"DEBUG=1",
					"$(inherited)",
				);
				GCC_WARN_64_TO_32_BIT_CONVERSION = YES;
				GCC_WARN_ABOUT_RETURN_TYPE = YES_ERROR;
				GCC_WARN_UNDECLARED_SELECTOR = YES;
				GCC_WARN_UNINITIALIZED_AUTOS = YES_AGGRESSIVE;
				GCC_WARN_UNUSED_FUNCTION = YES;
				GCC_WARN_UNUSED_VARIABLE = YES;
				IPHONEOS_DEPLOYMENT_TARGET = 11.2;
				MTL_ENABLE_DEBUG_INFO = YES;
				ONLY_ACTIVE_ARCH = YES;
				SDKROOT = iphoneos;
				SWIFT_ACTIVE_COMPILATION_CONDITIONS = DEBUG;
				SWIFT_OPTIMIZATION_LEVEL = "-Onone";
			};
			name = Debug;
		};
		1812486E2092EDBA00D6D44C /* Release */ = {
			isa = XCBuildConfiguration;
			buildSettings = {
				ALWAYS_SEARCH_USER_PATHS = NO;
				CLANG_ANALYZER_NONNULL = YES;
				CLANG_ANALYZER_NUMBER_OBJECT_CONVERSION = YES_AGGRESSIVE;
				CLANG_CXX_LANGUAGE_STANDARD = "gnu++14";
				CLANG_CXX_LIBRARY = "libc++";
				CLANG_ENABLE_MODULES = YES;
				CLANG_ENABLE_OBJC_ARC = YES;
				CLANG_WARN_BLOCK_CAPTURE_AUTORELEASING = YES;
				CLANG_WARN_BOOL_CONVERSION = YES;
				CLANG_WARN_COMMA = YES;
				CLANG_WARN_CONSTANT_CONVERSION = YES;
				CLANG_WARN_DIRECT_OBJC_ISA_USAGE = YES_ERROR;
				CLANG_WARN_DOCUMENTATION_COMMENTS = YES;
				CLANG_WARN_EMPTY_BODY = YES;
				CLANG_WARN_ENUM_CONVERSION = YES;
				CLANG_WARN_INFINITE_RECURSION = YES;
				CLANG_WARN_INT_CONVERSION = YES;
				CLANG_WARN_NON_LITERAL_NULL_CONVERSION = YES;
				CLANG_WARN_OBJC_LITERAL_CONVERSION = YES;
				CLANG_WARN_OBJC_ROOT_CLASS = YES_ERROR;
				CLANG_WARN_RANGE_LOOP_ANALYSIS = YES;
				CLANG_WARN_STRICT_PROTOTYPES = YES;
				CLANG_WARN_SUSPICIOUS_MOVE = YES;
				CLANG_WARN_UNGUARDED_AVAILABILITY = YES_AGGRESSIVE;
				CLANG_WARN_UNREACHABLE_CODE = YES;
				CLANG_WARN__DUPLICATE_METHOD_MATCH = YES;
				CODE_SIGN_IDENTITY = "iPhone Developer";
				COPY_PHASE_STRIP = NO;
				DEBUG_INFORMATION_FORMAT = "dwarf-with-dsym";
				ENABLE_NS_ASSERTIONS = NO;
				ENABLE_STRICT_OBJC_MSGSEND = YES;
				GCC_C_LANGUAGE_STANDARD = gnu11;
				GCC_NO_COMMON_BLOCKS = YES;
				GCC_WARN_64_TO_32_BIT_CONVERSION = YES;
				GCC_WARN_ABOUT_RETURN_TYPE = YES_ERROR;
				GCC_WARN_UNDECLARED_SELECTOR = YES;
				GCC_WARN_UNINITIALIZED_AUTOS = YES_AGGRESSIVE;
				GCC_WARN_UNUSED_FUNCTION = YES;
				GCC_WARN_UNUSED_VARIABLE = YES;
				IPHONEOS_DEPLOYMENT_TARGET = 11.2;
				MTL_ENABLE_DEBUG_INFO = NO;
				SDKROOT = iphoneos;
				SWIFT_OPTIMIZATION_LEVEL = "-Owholemodule";
				VALIDATE_PRODUCT = YES;
			};
			name = Release;
		};
		181248702092EDBA00D6D44C /* Debug */ = {
			isa = XCBuildConfiguration;
			buildSettings = {
				ASSETCATALOG_COMPILER_APPICON_NAME = AppIcon;
				CODE_SIGN_STYLE = Automatic;
				DEVELOPMENT_TEAM = S5K5BLD756;
				INFOPLIST_FILE = SlideshowApp/Info.plist;
				LD_RUNPATH_SEARCH_PATHS = "$(inherited) @executable_path/Frameworks";
				PRODUCT_BUNDLE_IDENTIFIER = jp.techacademy.y.kawa.SlideshowApp;
				PRODUCT_NAME = "$(TARGET_NAME)";
				SWIFT_VERSION = 4.0;
				TARGETED_DEVICE_FAMILY = "1,2";
			};
			name = Debug;
		};
		181248712092EDBA00D6D44C /* Release */ = {
			isa = XCBuildConfiguration;
			buildSettings = {
				ASSETCATALOG_COMPILER_APPICON_NAME = AppIcon;
				CODE_SIGN_STYLE = Automatic;
				DEVELOPMENT_TEAM = S5K5BLD756;
				INFOPLIST_FILE = SlideshowApp/Info.plist;
				LD_RUNPATH_SEARCH_PATHS = "$(inherited) @executable_path/Frameworks";
				PRODUCT_BUNDLE_IDENTIFIER = jp.techacademy.y.kawa.SlideshowApp;
				PRODUCT_NAME = "$(TARGET_NAME)";
				SWIFT_VERSION = 4.0;
				TARGETED_DEVICE_FAMILY = "1,2";
			};
			name = Release;
		};
/* End XCBuildConfiguration section */

/* Begin XCConfigurationList section */
		181248582092EDB900D6D44C /* Build configuration list for PBXProject "SlideshowApp" */ = {
			isa = XCConfigurationList;
			buildConfigurations = (
				1812486D2092EDBA00D6D44C /* Debug */,
				1812486E2092EDBA00D6D44C /* Release */,
			);
			defaultConfigurationIsVisible = 0;
			defaultConfigurationName = Release;
		};
		1812486F2092EDBA00D6D44C /* Build configuration list for PBXNativeTarget "SlideshowApp" */ = {
			isa = XCConfigurationList;
			buildConfigurations = (
				181248702092EDBA00D6D44C /* Debug */,
				181248712092EDBA00D6D44C /* Release */,
			);
			defaultConfigurationIsVisible = 0;
			defaultConfigurationName = Release;
		};
/* End XCConfigurationList section */
	};
	rootObject = 181248552092EDB900D6D44C /* Project object */;
}
